
Microsoft Visual Studio Solution File, Format Version 12.00
# Visual Studio 15
VisualStudioVersion = 15.0.28307.168
MinimumVisualStudioVersion = 10.0.40219.1
Project("{FAE04EC0-301F-11D3-BF4B-00C04F79EFBC}") = "ConsoleApp6", "ConsoleApp6\ConsoleApp6.csproj", "{9C687849-CD9E-44A0-AAE5-3BED4303C82D}"
EndProject
Global
	GlobalSection(SolutionConfigurationPlatforms) = preSolution
		Debug|Any CPU = Debug|Any CPU
		Release|Any CPU = Release|Any CPU
	EndGlobalSection
	GlobalSection(ProjectConfigurationPlatforms) = postSolution
		{9C687849-CD9E-44A0-AAE5-3BED4303C82D}.Debug|Any CPU.ActiveCfg = Debug|Any CPU
		{9C687849-CD9E-44A0-AAE5-3BED4303C82D}.Debug|Any CPU.Build.0 = Debug|Any CPU
		{9C687849-CD9E-44A0-AAE5-3BED4303C82D}.Release|Any CPU.ActiveCfg = Release|Any CPU
		{9C687849-CD9E-44A0-AAE5-3BED4303C82D}.Release|Any CPU.Build.0 = Release|Any CPU
	EndGlobalSection
	GlobalSection(SolutionProperties) = preSolution
		HideSolutionNode = FALSE
	EndGlobalSection
	GlobalSection(ExtensibilityGlobals) = postSolution
		SolutionGuid = {F50A1D90-DCA7-41FE-B3B6-C9B7100D6138}
	EndGlobalSection
EndGlobal
